// !$*UTF8*$!
{
	archiveVersion = 1;
	classes = {
	};
	objectVersion = 56;
	objects = {

/* Begin PBXBuildFile section */
		4C2EB8F62B496849009DC73B /* CaesarCipherApp.swift in Sources */ = {isa = PBXBuildFile; fileRef = 4C2EB8F52B496849009DC73B /* CaesarCipherApp.swift */; };
		4C2EB8F82B496849009DC73B /* ContentView.swift in Sources */ = {isa = PBXBuildFile; fileRef = 4C2EB8F72B496849009DC73B /* ContentView.swift */; };
		4C2EB8FA2B49684A009DC73B /* Assets.xcassets in Resources */ = {isa = PBXBuildFile; fileRef = 4C2EB8F92B49684A009DC73B /* Assets.xcassets */; };
		4C2EB8FD2B49684A009DC73B /* Preview Assets.xcassets in Resources */ = {isa = PBXBuildFile; fileRef = 4C2EB8FC2B49684A009DC73B /* Preview Assets.xcassets */; };
		4C71733D2B8E3B6F0063BCBD /* Localizable.xcstrings in Resources */ = {isa = PBXBuildFile; fileRef = 4C71733C2B8E3B6F0063BCBD /* Localizable.xcstrings */; };
		4C91370B2B4A7DF2006CA77A /* CryptButton.swift in Sources */ = {isa = PBXBuildFile; fileRef = 4C91370A2B4A7DF2006CA77A /* CryptButton.swift */; };
/* End PBXBuildFile section */

/* Begin PBXFileReference section */
		4C2EB8F22B496849009DC73B /* CaesarCipher.app */ = {isa = PBXFileReference; explicitFileType = wrapper.application; includeInIndex = 0; path = CaesarCipher.app; sourceTree = BUILT_PRODUCTS_DIR; };
		4C2EB8F52B496849009DC73B /* CaesarCipherApp.swift */ = {isa = PBXFileReference; lastKnownFileType = sourcecode.swift; path = CaesarCipherApp.swift; sourceTree = "<group>"; };
		4C2EB8F72B496849009DC73B /* ContentView.swift */ = {isa = PBXFileReference; lastKnownFileType = sourcecode.swift; path = ContentView.swift; sourceTree = "<group>"; };
		4C2EB8F92B49684A009DC73B /* Assets.xcassets */ = {isa = PBXFileReference; lastKnownFileType = folder.assetcatalog; path = Assets.xcassets; sourceTree = "<group>"; };
		4C2EB8FC2B49684A009DC73B /* Preview Assets.xcassets */ = {isa = PBXFileReference; lastKnownFileType = folder.assetcatalog; path = "Preview Assets.xcassets"; sourceTree = "<group>"; };
		4C71733C2B8E3B6F0063BCBD /* Localizable.xcstrings */ = {isa = PBXFileReference; lastKnownFileType = text.json.xcstrings; path = Localizable.xcstrings; sourceTree = "<group>"; };
		4C91370A2B4A7DF2006CA77A /* CryptButton.swift */ = {isa = PBXFileReference; lastKnownFileType = sourcecode.swift; path = CryptButton.swift; sourceTree = "<group>"; };
		4CEA104B2B6A5AD700C30F51 /* Info.plist */ = {isa = PBXFileReference; lastKnownFileType = text.plist; path = Info.plist; sourceTree = "<group>"; };
		4CEA104C2B6A6A7500C30F51 /* README.md */ = {isa = PBXFileReference; lastKnownFileType = net.daringfireball.markdown; path = README.md; sourceTree = "<group>"; };
/* End PBXFileReference section */

/* Begin PBXFrameworksBuildPhase section */
		4C2EB8EF2B496849009DC73B /* Frameworks */ = {
			isa = PBXFrameworksBuildPhase;
			buildActionMask = 2147483647;
			files = (
			);
			runOnlyForDeploymentPostprocessing = 0;
		};
/* End PBXFrameworksBuildPhase section */

/* Begin PBXGroup section */
		4C2EB8E92B496849009DC73B = {
			isa = PBXGroup;
			children = (
				4C2EB8F42B496849009DC73B /* CaesarCipher */,
				4C2EB8F32B496849009DC73B /* Products */,
			);
			sourceTree = "<group>";
		};
		4C2EB8F32B496849009DC73B /* Products */ = {
			isa = PBXGroup;
			children = (
				4C2EB8F22B496849009DC73B /* CaesarCipher.app */,
			);
			name = Products;
			sourceTree = "<group>";
		};
		4C2EB8F42B496849009DC73B /* CaesarCipher */ = {
			isa = PBXGroup;
			children = (
				4CEA104B2B6A5AD700C30F51 /* Info.plist */,
				4C2EB8F52B496849009DC73B /* CaesarCipherApp.swift */,
				4C2EB8F72B496849009DC73B /* ContentView.swift */,
				4C2EB8F92B49684A009DC73B /* Assets.xcassets */,
				4C2EB8FB2B49684A009DC73B /* Preview Content */,
				4C91370A2B4A7DF2006CA77A /* CryptButton.swift */,
				4CEA104C2B6A6A7500C30F51 /* README.md */,
				4C71733C2B8E3B6F0063BCBD /* Localizable.xcstrings */,
			);
			path = CaesarCipher;
			sourceTree = "<group>";
		};
		4C2EB8FB2B49684A009DC73B /* Preview Content */ = {
			isa = PBXGroup;
			children = (
				4C2EB8FC2B49684A009DC73B /* Preview Assets.xcassets */,
			);
			path = "Preview Content";
			sourceTree = "<group>";
		};
/* End PBXGroup section */

/* Begin PBXNativeTarget section */
		4C2EB8F12B496849009DC73B /* CaesarCipher */ = {
			isa = PBXNativeTarget;
			buildConfigurationList = 4C2EB9002B49684A009DC73B /* Build configuration list for PBXNativeTarget "CaesarCipher" */;
			buildPhases = (
				4C2EB8EE2B496849009DC73B /* Sources */,
				4C2EB8EF2B496849009DC73B /* Frameworks */,
				4C2EB8F02B496849009DC73B /* Resources */,
			);
			buildRules = (
			);
			dependencies = (
			);
			name = CaesarCipher;
			productName = CaesarCipher;
			productReference = 4C2EB8F22B496849009DC73B /* CaesarCipher.app */;
			productType = "com.apple.product-type.application";
		};
/* End PBXNativeTarget section */

/* Begin PBXProject section */
		4C2EB8EA2B496849009DC73B /* Project object */ = {
			isa = PBXProject;
			attributes = {
				BuildIndependentTargetsInParallel = 1;
				LastSwiftUpdateCheck = 1510;
				LastUpgradeCheck = 1510;
				TargetAttributes = {
					4C2EB8F12B496849009DC73B = {
						CreatedOnToolsVersion = 15.1;
					};
				};
			};
			buildConfigurationList = 4C2EB8ED2B496849009DC73B /* Build configuration list for PBXProject "CaesarCipher" */;
			compatibilityVersion = "Xcode 14.0";
			developmentRegion = en;
			hasScannedForEncodings = 0;
			knownRegions = (
				en,
				Base,
				de,
			);
			mainGroup = 4C2EB8E92B496849009DC73B;
			productRefGroup = 4C2EB8F32B496849009DC73B /* Products */;
			projectDirPath = "";
			projectRoot = "";
			targets = (
				4C2EB8F12B496849009DC73B /* CaesarCipher */,
			);
		};
/* End PBXProject section */

/* Begin PBXResourcesBuildPhase section */
		4C2EB8F02B496849009DC73B /* Resources */ = {
			isa = PBXResourcesBuildPhase;
			buildActionMask = 2147483647;
			files = (
				4C2EB8FD2B49684A009DC73B /* Preview Assets.xcassets in Resources */,
				4C2EB8FA2B49684A009DC73B /* Assets.xcassets in Resources */,
				4C71733D2B8E3B6F0063BCBD /* Localizable.xcstrings in Resources */,
			);
			runOnlyForDeploymentPostprocessing = 0;
		};
/* End PBXResourcesBuildPhase section */

/* Begin PBXSourcesBuildPhase section */
		4C2EB8EE2B496849009DC73B /* Sources */ = {
			isa = PBXSourcesBuildPhase;
			buildActionMask = 2147483647;
			files = (
				4C2EB8F82B496849009DC73B /* ContentView.swift in Sources */,
				4C2EB8F62B496849009DC73B /* CaesarCipherApp.swift in Sources */,
				4C91370B2B4A7DF2006CA77A /* CryptButton.swift in Sources */,
			);
			runOnlyForDeploymentPostprocessing = 0;
		};
/* End PBXSourcesBuildPhase section */

/* Begin XCBuildConfiguration section */
		4C2EB8FE2B49684A009DC73B /* Debug */ = {
			isa = XCBuildConfiguration;
			buildSettings = {
				ALWAYS_SEARCH_USER_PATHS = NO;
				ASSETCATALOG_COMPILER_GENERATE_SWIFT_ASSET_SYMBOL_EXTENSIONS = YES;
				CLANG_ANALYZER_NONNULL = YES;
				CLANG_ANALYZER_NUMBER_OBJECT_CONVERSION = YES_AGGRESSIVE;
				CLANG_CXX_LANGUAGE_STANDARD = "gnu++20";
				CLANG_ENABLE_MODULES = YES;
				CLANG_ENABLE_OBJC_ARC = YES;
				CLANG_ENABLE_OBJC_WEAK = YES;
				CLANG_WARN_BLOCK_CAPTURE_AUTORELEASING = YES;
				CLANG_WARN_BOOL_CONVERSION = YES;
				CLANG_WARN_COMMA = YES;
				CLANG_WARN_CONSTANT_CONVERSION = YES;
				CLANG_WARN_DEPRECATED_OBJC_IMPLEMENTATIONS = YES;
				CLANG_WARN_DIRECT_OBJC_ISA_USAGE = YES_ERROR;
				CLANG_WARN_DOCUMENTATION_COMMENTS = YES;
				CLANG_WARN_EMPTY_BODY = YES;
				CLANG_WARN_ENUM_CONVERSION = YES;
				CLANG_WARN_INFINITE_RECURSION = YES;
				CLANG_WARN_INT_CONVERSION = YES;
				CLANG_WARN_NON_LITERAL_NULL_CONVERSION = YES;
				CLANG_WARN_OBJC_IMPLICIT_RETAIN_SELF = YES;
				CLANG_WARN_OBJC_LITERAL_CONVERSION = YES;
				CLANG_WARN_OBJC_ROOT_CLASS = YES_ERROR;
				CLANG_WARN_QUOTED_INCLUDE_IN_FRAMEWORK_HEADER = YES;
				CLANG_WARN_RANGE_LOOP_ANALYSIS = YES;
				CLANG_WARN_STRICT_PROTOTYPES = YES;
				CLANG_WARN_SUSPICIOUS_MOVE = YES;
				CLANG_WARN_UNGUARDED_AVAILABILITY = YES_AGGRESSIVE;
				CLANG_WARN_UNREACHABLE_CODE = YES;
				CLANG_WARN__DUPLICATE_METHOD_MATCH = YES;
				COPY_PHASE_STRIP = NO;
				DEBUG_INFORMATION_FORMAT = dwarf;
				ENABLE_STRICT_OBJC_MSGSEND = YES;
				ENABLE_TESTABILITY = YES;
				ENABLE_USER_SCRIPT_SANDBOXING = YES;
				GCC_C_LANGUAGE_STANDARD = gnu17;
				GCC_DYNAMIC_NO_PIC = NO;
				GCC_NO_COMMON_BLOCKS = YES;
				GCC_OPTIMIZATION_LEVEL = 0;
				GCC_PREPROCESSOR_DEFINITIONS = (
					"DEBUG=1",
					"$(inherited)",
				);
				GCC_WARN_64_TO_32_BIT_CONVERSION = YES;
				GCC_WARN_ABOUT_RETURN_TYPE = YES_ERROR;
				GCC_WARN_UNDECLARED_SELECTOR = YES;
				GCC_WARN_UNINITIALIZED_AUTOS = YES_AGGRESSIVE;
				GCC_WARN_UNUSED_FUNCTION = YES;
				GCC_WARN_UNUSED_VARIABLE = YES;
				IPHONEOS_DEPLOYMENT_TARGET = 17.2;
				LOCALIZATION_PREFERS_STRING_CATALOGS = YES;
				MTL_ENABLE_DEBUG_INFO = INCLUDE_SOURCE;
				MTL_FAST_MATH = YES;
				ONLY_ACTIVE_ARCH = YES;
				SDKROOT = iphoneos;
				SWIFT_ACTIVE_COMPILATION_CONDITIONS = "DEBUG $(inherited)";
				SWIFT_OPTIMIZATION_LEVEL = "-Onone";
			};
			name = Debug;
		};
		4C2EB8FF2B49684A009DC73B /* Release */ = {
			isa = XCBuildConfiguration;
			buildSettings = {
				ALWAYS_SEARCH_USER_PATHS = NO;
				ASSETCATALOG_COMPILER_GENERATE_SWIFT_ASSET_SYMBOL_EXTENSIONS = YES;
				CLANG_ANALYZER_NONNULL = YES;
				CLANG_ANALYZER_NUMBER_OBJECT_CONVERSION = YES_AGGRESSIVE;
				CLANG_CXX_LANGUAGE_STANDARD = "gnu++20";
				CLANG_ENABLE_MODULES = YES;
				CLANG_ENABLE_OBJC_ARC = YES;
				CLANG_ENABLE_OBJC_WEAK = YES;
				CLANG_WARN_BLOCK_CAPTURE_AUTORELEASING = YES;
				CLANG_WARN_BOOL_CONVERSION = YES;
				CLANG_WARN_COMMA = YES;
				CLANG_WARN_CONSTANT_CONVERSION = YES;
				CLANG_WARN_DEPRECATED_OBJC_IMPLEMENTATIONS = YES;
				CLANG_WARN_DIRECT_OBJC_ISA_USAGE = YES_ERROR;
				CLANG_WARN_DOCUMENTATION_COMMENTS = YES;
				CLANG_WARN_EMPTY_BODY = YES;
				CLANG_WARN_ENUM_CONVERSION = YES;
				CLANG_WARN_INFINITE_RECURSION = YES;
				CLANG_WARN_INT_CONVERSION = YES;
				CLANG_WARN_NON_LITERAL_NULL_CONVERSION = YES;
				CLANG_WARN_OBJC_IMPLICIT_RETAIN_SELF = YES;
				CLANG_WARN_OBJC_LITERAL_CONVERSION = YES;
				CLANG_WARN_OBJC_ROOT_CLASS = YES_ERROR;
				CLANG_WARN_QUOTED_INCLUDE_IN_FRAMEWORK_HEADER = YES;
				CLANG_WARN_RANGE_LOOP_ANALYSIS = YES;
				CLANG_WARN_STRICT_PROTOTYPES = YES;
				CLANG_WARN_SUSPICIOUS_MOVE = YES;
				CLANG_WARN_UNGUARDED_AVAILABILITY = YES_AGGRESSIVE;
				CLANG_WARN_UNREACHABLE_CODE = YES;
				CLANG_WARN__DUPLICATE_METHOD_MATCH = YES;
				COPY_PHASE_STRIP = NO;
				DEBUG_INFORMATION_FORMAT = "dwarf-with-dsym";
				ENABLE_NS_ASSERTIONS = NO;
				ENABLE_STRICT_OBJC_MSGSEND = YES;
				ENABLE_USER_SCRIPT_SANDBOXING = YES;
				GCC_C_LANGUAGE_STANDARD = gnu17;
				GCC_NO_COMMON_BLOCKS = YES;
				GCC_WARN_64_TO_32_BIT_CONVERSION = YES;
				GCC_WARN_ABOUT_RETURN_TYPE = YES_ERROR;
				GCC_WARN_UNDECLARED_SELECTOR = YES;
				GCC_WARN_UNINITIALIZED_AUTOS = YES_AGGRESSIVE;
				GCC_WARN_UNUSED_FUNCTION = YES;
				GCC_WARN_UNUSED_VARIABLE = YES;
				IPHONEOS_DEPLOYMENT_TARGET = 17.2;
				LOCALIZATION_PREFERS_STRING_CATALOGS = YES;
				MTL_ENABLE_DEBUG_INFO = NO;
				MTL_FAST_MATH = YES;
				SDKROOT = iphoneos;
				SWIFT_COMPILATION_MODE = wholemodule;
				VALIDATE_PRODUCT = YES;
			};
			name = Release;
		};
		4C2EB9012B49684A009DC73B /* Debug */ = {
			isa = XCBuildConfiguration;
			buildSettings = {
				ASSETCATALOG_COMPILER_APPICON_NAME = AppIcon;
				ASSETCATALOG_COMPILER_GLOBAL_ACCENT_COLOR_NAME = AccentColor;
				CODE_SIGN_STYLE = Automatic;
				CURRENT_PROJECT_VERSION = 1;
				DEVELOPMENT_ASSET_PATHS = "\"CaesarCipher/Preview Content\"";
				DEVELOPMENT_TEAM = JL37ZH7ZSY;
				ENABLE_PREVIEWS = YES;
				GENERATE_INFOPLIST_FILE = YES;
				INFOPLIST_FILE = CaesarCipher/Info.plist;
				INFOPLIST_KEY_CFBundleDisplayName = "Caesar Cipher";
				INFOPLIST_KEY_UIApplicationSceneManifest_Generation = YES;
				INFOPLIST_KEY_UIApplicationSupportsIndirectInputEvents = YES;
				INFOPLIST_KEY_UILaunchScreen_Generation = YES;
				INFOPLIST_KEY_UISupportedInterfaceOrientations_iPad = "UIInterfaceOrientationPortrait UIInterfaceOrientationPortraitUpsideDown UIInterfaceOrientationLandscapeLeft UIInterfaceOrientationLandscapeRight";
				INFOPLIST_KEY_UISupportedInterfaceOrientations_iPhone = "UIInterfaceOrientationPortrait UIInterfaceOrientationLandscapeLeft UIInterfaceOrientationLandscapeRight";
				LD_RUNPATH_SEARCH_PATHS = (
					"$(inherited)",
					"@executable_path/Frameworks",
				);
				MARKETING_VERSION = 9;
				PRODUCT_BUNDLE_IDENTIFIER = org.mizech.CaesarCipher;
				PRODUCT_NAME = "$(TARGET_NAME)";
				SWIFT_EMIT_LOC_STRINGS = YES;
				SWIFT_VERSION = 5.0;
				TARGETED_DEVICE_FAMILY = "1,2";
			};
			name = Debug;
		};
		4C2EB9022B49684A009DC73B /* Release */ = {
			isa = XCBuildConfiguration;
			buildSettings = {
				ASSETCATALOG_COMPILER_APPICON_NAME = AppIcon;
				ASSETCATALOG_COMPILER_GLOBAL_ACCENT_COLOR_NAME = AccentColor;
				CODE_SIGN_STYLE = Automatic;
				CURRENT_PROJECT_VERSION = 1;
				DEVELOPMENT_ASSET_PATHS = "\"CaesarCipher/Preview Content\"";
				DEVELOPMENT_TEAM = JL37ZH7ZSY;
				ENABLE_PREVIEWS = YES;
				GENERATE_INFOPLIST_FILE = YES;
				INFOPLIST_FILE = CaesarCipher/Info.plist;
				INFOPLIST_KEY_CFBundleDisplayName = "Caesar Cipher";
				INFOPLIST_KEY_UIApplicationSceneManifest_Generation = YES;
				INFOPLIST_KEY_UIApplicationSupportsIndirectInputEvents = YES;
				INFOPLIST_KEY_UILaunchScreen_Generation = YES;
				INFOPLIST_KEY_UISupportedInterfaceOrientations_iPad = "UIInterfaceOrientationPortrait UIInterfaceOrientationPortraitUpsideDown UIInterfaceOrientationLandscapeLeft UIInterfaceOrientationLandscapeRight";
				INFOPLIST_KEY_UISupportedInterfaceOrientations_iPhone = "UIInterfaceOrientationPortrait UIInterfaceOrientationLandscapeLeft UIInterfaceOrientationLandscapeRight";
				LD_RUNPATH_SEARCH_PATHS = (
					"$(inherited)",
					"@executable_path/Frameworks",
				);
				MARKETING_VERSION = 9;
				PRODUCT_BUNDLE_IDENTIFIER = org.mizech.CaesarCipher;
				PRODUCT_NAME = "$(TARGET_NAME)";
				SWIFT_EMIT_LOC_STRINGS = YES;
				SWIFT_VERSION = 5.0;
				TARGETED_DEVICE_FAMILY = "1,2";
			};
			name = Release;
		};
/* End XCBuildConfiguration section */

/* Begin XCConfigurationList section */
		4C2EB8ED2B496849009DC73B /* Build configuration list for PBXProject "CaesarCipher" */ = {
			isa = XCConfigurationList;
			buildConfigurations = (
				4C2EB8FE2B49684A009DC73B /* Debug */,
				4C2EB8FF2B49684A009DC73B /* Release */,
			);
			defaultConfigurationIsVisible = 0;
			defaultConfigurationName = Release;
		};
		4C2EB9002B49684A009DC73B /* Build configuration list for PBXNativeTarget "CaesarCipher" */ = {
			isa = XCConfigurationList;
			buildConfigurations = (
				4C2EB9012B49684A009DC73B /* Debug */,
				4C2EB9022B49684A009DC73B /* Release */,
			);
			defaultConfigurationIsVisible = 0;
			defaultConfigurationName = Release;
		};
/* End XCConfigurationList section */
	};
	rootObject = 4C2EB8EA2B496849009DC73B /* Project object */;
}
